// !$*UTF8*$!
{
	archiveVersion = 1;
	classes = {
	};
	objectVersion = 51;
	objects = {

/* Begin PBXBuildFile section */
		2863870723C67AE300157AD2 /* NewThoughtViewController.swift in Sources */ = {isa = PBXBuildFile; fileRef = 2863870623C67AE300157AD2 /* NewThoughtViewController.swift */; };
		2863870F23CE699C00157AD2 /* ProfileViewController.swift in Sources */ = {isa = PBXBuildFile; fileRef = 2863870E23CE699C00157AD2 /* ProfileViewController.swift */; };
		2863874223D658D400157AD2 /* GoogleService-Info.plist in Resources */ = {isa = PBXBuildFile; fileRef = 2863874123D658D400157AD2 /* GoogleService-Info.plist */; };
		286C367323F86CC200E340BC /* RootViewController.swift in Sources */ = {isa = PBXBuildFile; fileRef = 286C367223F86CC200E340BC /* RootViewController.swift */; };
		28AFCB8323C5891C00CF178F /* AppDelegate.swift in Sources */ = {isa = PBXBuildFile; fileRef = 28AFCB8223C5891C00CF178F /* AppDelegate.swift */; };
		28AFCB8723C5891C00CF178F /* ViewController.swift in Sources */ = {isa = PBXBuildFile; fileRef = 28AFCB8623C5891C00CF178F /* ViewController.swift */; };
		28AFCB8C23C5891D00CF178F /* Assets.xcassets in Resources */ = {isa = PBXBuildFile; fileRef = 28AFCB8B23C5891D00CF178F /* Assets.xcassets */; };
		28AFCB8F23C5891D00CF178F /* LaunchScreen.storyboard in Resources */ = {isa = PBXBuildFile; fileRef = 28AFCB8D23C5891D00CF178F /* LaunchScreen.storyboard */; };
		28AFCB9723C5908900CF178F /* Thoughts.swift in Sources */ = {isa = PBXBuildFile; fileRef = 28AFCB9623C5908900CF178F /* Thoughts.swift */; };
		28AFCB9923C590C400CF178F /* ThoughtViewController.swift in Sources */ = {isa = PBXBuildFile; fileRef = 28AFCB9823C590C400CF178F /* ThoughtViewController.swift */; };
		28AFCB9B23C5911E00CF178F /* ThoughtsTableViewCell.swift in Sources */ = {isa = PBXBuildFile; fileRef = 28AFCB9A23C5911E00CF178F /* ThoughtsTableViewCell.swift */; };
		753F4B24C9F1A6E2D77779B4 /* Pods_Thoughts.framework in Frameworks */ = {isa = PBXBuildFile; fileRef = 2F935E932E7CCC1FB026BD87 /* Pods_Thoughts.framework */; };
/* End PBXBuildFile section */

/* Begin PBXFileReference section */
		2863870623C67AE300157AD2 /* NewThoughtViewController.swift */ = {isa = PBXFileReference; lastKnownFileType = sourcecode.swift; path = NewThoughtViewController.swift; sourceTree = "<group>"; };
		2863870E23CE699C00157AD2 /* ProfileViewController.swift */ = {isa = PBXFileReference; lastKnownFileType = sourcecode.swift; path = ProfileViewController.swift; sourceTree = "<group>"; };
		2863874123D658D400157AD2 /* GoogleService-Info.plist */ = {isa = PBXFileReference; fileEncoding = 4; lastKnownFileType = text.plist.xml; path = "GoogleService-Info.plist"; sourceTree = "<group>"; };
		286C367223F86CC200E340BC /* RootViewController.swift */ = {isa = PBXFileReference; lastKnownFileType = sourcecode.swift; path = RootViewController.swift; sourceTree = "<group>"; };
		28AFCB7F23C5891C00CF178F /* Thoughts.app */ = {isa = PBXFileReference; explicitFileType = wrapper.application; includeInIndex = 0; path = Thoughts.app; sourceTree = BUILT_PRODUCTS_DIR; };
		28AFCB8223C5891C00CF178F /* AppDelegate.swift */ = {isa = PBXFileReference; lastKnownFileType = sourcecode.swift; path = AppDelegate.swift; sourceTree = "<group>"; };
		28AFCB8623C5891C00CF178F /* ViewController.swift */ = {isa = PBXFileReference; lastKnownFileType = sourcecode.swift; path = ViewController.swift; sourceTree = "<group>"; };
		28AFCB8B23C5891D00CF178F /* Assets.xcassets */ = {isa = PBXFileReference; lastKnownFileType = folder.assetcatalog; path = Assets.xcassets; sourceTree = "<group>"; };
		28AFCB8E23C5891D00CF178F /* Base */ = {isa = PBXFileReference; lastKnownFileType = file.storyboard; name = Base; path = Base.lproj/LaunchScreen.storyboard; sourceTree = "<group>"; };
		28AFCB9023C5891D00CF178F /* Info.plist */ = {isa = PBXFileReference; lastKnownFileType = text.plist.xml; path = Info.plist; sourceTree = "<group>"; };
		28AFCB9623C5908900CF178F /* Thoughts.swift */ = {isa = PBXFileReference; lastKnownFileType = sourcecode.swift; path = Thoughts.swift; sourceTree = "<group>"; };
		28AFCB9823C590C400CF178F /* ThoughtViewController.swift */ = {isa = PBXFileReference; lastKnownFileType = sourcecode.swift; path = ThoughtViewController.swift; sourceTree = "<group>"; };
		28AFCB9A23C5911E00CF178F /* ThoughtsTableViewCell.swift */ = {isa = PBXFileReference; lastKnownFileType = sourcecode.swift; path = ThoughtsTableViewCell.swift; sourceTree = "<group>"; };
		2F935E932E7CCC1FB026BD87 /* Pods_Thoughts.framework */ = {isa = PBXFileReference; explicitFileType = wrapper.framework; includeInIndex = 0; path = Pods_Thoughts.framework; sourceTree = BUILT_PRODUCTS_DIR; };
		AA6E08050ABD9141D3798A5F /* Pods-Thoughts.debug.xcconfig */ = {isa = PBXFileReference; includeInIndex = 1; lastKnownFileType = text.xcconfig; name = "Pods-Thoughts.debug.xcconfig"; path = "Target Support Files/Pods-Thoughts/Pods-Thoughts.debug.xcconfig"; sourceTree = "<group>"; };
		B2BC37E13B5C157CE4D63190 /* Pods-Thoughts.release.xcconfig */ = {isa = PBXFileReference; includeInIndex = 1; lastKnownFileType = text.xcconfig; name = "Pods-Thoughts.release.xcconfig"; path = "Target Support Files/Pods-Thoughts/Pods-Thoughts.release.xcconfig"; sourceTree = "<group>"; };
/* End PBXFileReference section */

/* Begin PBXFrameworksBuildPhase section */
		28AFCB7C23C5891C00CF178F /* Frameworks */ = {
			isa = PBXFrameworksBuildPhase;
			buildActionMask = 2147483647;
			files = (
				753F4B24C9F1A6E2D77779B4 /* Pods_Thoughts.framework in Frameworks */,
			);
			runOnlyForDeploymentPostprocessing = 0;
		};
/* End PBXFrameworksBuildPhase section */

/* Begin PBXGroup section */
		28AFCB7623C5891C00CF178F = {
			isa = PBXGroup;
			children = (
				2863874123D658D400157AD2 /* GoogleService-Info.plist */,
				28AFCB8123C5891C00CF178F /* Thoughts */,
				28AFCB8023C5891C00CF178F /* Products */,
				F304D9AF2FB2E7C78C3C8E70 /* Pods */,
				39B3B4BA9A1D4A8D081A31B5 /* Frameworks */,
			);
			sourceTree = "<group>";
		};
		28AFCB8023C5891C00CF178F /* Products */ = {
			isa = PBXGroup;
			children = (
				28AFCB7F23C5891C00CF178F /* Thoughts.app */,
			);
			name = Products;
			sourceTree = "<group>";
		};
		28AFCB8123C5891C00CF178F /* Thoughts */ = {
			isa = PBXGroup;
			children = (
				28AFCB8223C5891C00CF178F /* AppDelegate.swift */,
				28AFCB8623C5891C00CF178F /* ViewController.swift */,
				28AFCB9823C590C400CF178F /* ThoughtViewController.swift */,
				2863870623C67AE300157AD2 /* NewThoughtViewController.swift */,
				286C367223F86CC200E340BC /* RootViewController.swift */,
				2863870E23CE699C00157AD2 /* ProfileViewController.swift */,
				28AFCB9623C5908900CF178F /* Thoughts.swift */,
				28AFCB9A23C5911E00CF178F /* ThoughtsTableViewCell.swift */,
				28AFCB8B23C5891D00CF178F /* Assets.xcassets */,
				28AFCB8D23C5891D00CF178F /* LaunchScreen.storyboard */,
				28AFCB9023C5891D00CF178F /* Info.plist */,
			);
			path = Thoughts;
			sourceTree = "<group>";
		};
		39B3B4BA9A1D4A8D081A31B5 /* Frameworks */ = {
			isa = PBXGroup;
			children = (
				2F935E932E7CCC1FB026BD87 /* Pods_Thoughts.framework */,
			);
			name = Frameworks;
			sourceTree = "<group>";
		};
		F304D9AF2FB2E7C78C3C8E70 /* Pods */ = {
			isa = PBXGroup;
			children = (
				AA6E08050ABD9141D3798A5F /* Pods-Thoughts.debug.xcconfig */,
				B2BC37E13B5C157CE4D63190 /* Pods-Thoughts.release.xcconfig */,
			);
			path = Pods;
			sourceTree = "<group>";
		};
/* End PBXGroup section */

/* Begin PBXNativeTarget section */
		28AFCB7E23C5891C00CF178F /* Thoughts */ = {
			isa = PBXNativeTarget;
			buildConfigurationList = 28AFCB9323C5891D00CF178F /* Build configuration list for PBXNativeTarget "Thoughts" */;
			buildPhases = (
				71021E999B374159FB48DAD2 /* [CP] Check Pods Manifest.lock */,
				28AFCB7B23C5891C00CF178F /* Sources */,
				28AFCB7C23C5891C00CF178F /* Frameworks */,
				28AFCB7D23C5891C00CF178F /* Resources */,
				31BC37C3ADB6BC7B8C84D7F2 /* [CP] Embed Pods Frameworks */,
				166D969C052F1B3BA51BF61F /* [CP] Copy Pods Resources */,
			);
			buildRules = (
			);
			dependencies = (
			);
			name = Thoughts;
			productName = Thoughts;
			productReference = 28AFCB7F23C5891C00CF178F /* Thoughts.app */;
			productType = "com.apple.product-type.application";
		};
/* End PBXNativeTarget section */

/* Begin PBXProject section */
		28AFCB7723C5891C00CF178F /* Project object */ = {
			isa = PBXProject;
			attributes = {
				LastSwiftUpdateCheck = 1100;
				LastUpgradeCheck = 1100;
				ORGANIZATIONNAME = "Jeremy Jung";
				TargetAttributes = {
					28AFCB7E23C5891C00CF178F = {
						CreatedOnToolsVersion = 11.0;
					};
				};
			};
			buildConfigurationList = 28AFCB7A23C5891C00CF178F /* Build configuration list for PBXProject "Thoughts" */;
			compatibilityVersion = "Xcode 9.3";
			developmentRegion = en;
			hasScannedForEncodings = 0;
			knownRegions = (
				en,
				Base,
			);
			mainGroup = 28AFCB7623C5891C00CF178F;
			productRefGroup = 28AFCB8023C5891C00CF178F /* Products */;
			projectDirPath = "";
			projectRoot = "";
			targets = (
				28AFCB7E23C5891C00CF178F /* Thoughts */,
			);
		};
/* End PBXProject section */

/* Begin PBXResourcesBuildPhase section */
		28AFCB7D23C5891C00CF178F /* Resources */ = {
			isa = PBXResourcesBuildPhase;
			buildActionMask = 2147483647;
			files = (
				28AFCB8F23C5891D00CF178F /* LaunchScreen.storyboard in Resources */,
				28AFCB8C23C5891D00CF178F /* Assets.xcassets in Resources */,
				2863874223D658D400157AD2 /* GoogleService-Info.plist in Resources */,
			);
			runOnlyForDeploymentPostprocessing = 0;
		};
/* End PBXResourcesBuildPhase section */

/* Begin PBXShellScriptBuildPhase section */
		166D969C052F1B3BA51BF61F /* [CP] Copy Pods Resources */ = {
			isa = PBXShellScriptBuildPhase;
			buildActionMask = 2147483647;
			files = (
			);
			inputFileListPaths = (
				"${PODS_ROOT}/Target Support Files/Pods-Thoughts/Pods-Thoughts-resources-${CONFIGURATION}-input-files.xcfilelist",
			);
			name = "[CP] Copy Pods Resources";
			outputFileListPaths = (
				"${PODS_ROOT}/Target Support Files/Pods-Thoughts/Pods-Thoughts-resources-${CONFIGURATION}-output-files.xcfilelist",
			);
			runOnlyForDeploymentPostprocessing = 0;
			shellPath = /bin/sh;
			shellScript = "\"${PODS_ROOT}/Target Support Files/Pods-Thoughts/Pods-Thoughts-resources.sh\"\n";
			showEnvVarsInLog = 0;
		};
		31BC37C3ADB6BC7B8C84D7F2 /* [CP] Embed Pods Frameworks */ = {
			isa = PBXShellScriptBuildPhase;
			buildActionMask = 2147483647;
			files = (
			);
			inputFileListPaths = (
				"${PODS_ROOT}/Target Support Files/Pods-Thoughts/Pods-Thoughts-frameworks-${CONFIGURATION}-input-files.xcfilelist",
			);
			name = "[CP] Embed Pods Frameworks";
			outputFileListPaths = (
				"${PODS_ROOT}/Target Support Files/Pods-Thoughts/Pods-Thoughts-frameworks-${CONFIGURATION}-output-files.xcfilelist",
			);
			runOnlyForDeploymentPostprocessing = 0;
			shellPath = /bin/sh;
			shellScript = "\"${PODS_ROOT}/Target Support Files/Pods-Thoughts/Pods-Thoughts-frameworks.sh\"\n";
			showEnvVarsInLog = 0;
		};
		71021E999B374159FB48DAD2 /* [CP] Check Pods Manifest.lock */ = {
			isa = PBXShellScriptBuildPhase;
			buildActionMask = 2147483647;
			files = (
			);
			inputFileListPaths = (
			);
			inputPaths = (
				"${PODS_PODFILE_DIR_PATH}/Podfile.lock",
				"${PODS_ROOT}/Manifest.lock",
			);
			name = "[CP] Check Pods Manifest.lock";
			outputFileListPaths = (
			);
			outputPaths = (
				"$(DERIVED_FILE_DIR)/Pods-Thoughts-checkManifestLockResult.txt",
			);
			runOnlyForDeploymentPostprocessing = 0;
			shellPath = /bin/sh;
			shellScript = "diff \"${PODS_PODFILE_DIR_PATH}/Podfile.lock\" \"${PODS_ROOT}/Manifest.lock\" > /dev/null\nif [ $? != 0 ] ; then\n    # print error to STDERR\n    echo \"error: The sandbox is not in sync with the Podfile.lock. Run 'pod install' or update your CocoaPods installation.\" >&2\n    exit 1\nfi\n# This output is used by Xcode 'outputs' to avoid re-running this script phase.\necho \"SUCCESS\" > \"${SCRIPT_OUTPUT_FILE_0}\"\n";
			showEnvVarsInLog = 0;
		};
/* End PBXShellScriptBuildPhase section */

/* Begin PBXSourcesBuildPhase section */
		28AFCB7B23C5891C00CF178F /* Sources */ = {
			isa = PBXSourcesBuildPhase;
			buildActionMask = 2147483647;
			files = (
				28AFCB8723C5891C00CF178F /* ViewController.swift in Sources */,
				28AFCB8323C5891C00CF178F /* AppDelegate.swift in Sources */,
				2863870F23CE699C00157AD2 /* ProfileViewController.swift in Sources */,
				28AFCB9B23C5911E00CF178F /* ThoughtsTableViewCell.swift in Sources */,
				2863870723C67AE300157AD2 /* NewThoughtViewController.swift in Sources */,
				28AFCB9723C5908900CF178F /* Thoughts.swift in Sources */,
				286C367323F86CC200E340BC /* RootViewController.swift in Sources */,
				28AFCB9923C590C400CF178F /* ThoughtViewController.swift in Sources */,
			);
			runOnlyForDeploymentPostprocessing = 0;
		};
/* End PBXSourcesBuildPhase section */

/* Begin PBXVariantGroup section */
		28AFCB8D23C5891D00CF178F /* LaunchScreen.storyboard */ = {
			isa = PBXVariantGroup;
			children = (
				28AFCB8E23C5891D00CF178F /* Base */,
			);
			name = LaunchScreen.storyboard;
			sourceTree = "<group>";
		};
/* End PBXVariantGroup section */

/* Begin XCBuildConfiguration section */
		28AFCB9123C5891D00CF178F /* Debug */ = {
			isa = XCBuildConfiguration;
			buildSettings = {
				ALWAYS_SEARCH_USER_PATHS = NO;
				CLANG_ANALYZER_NONNULL = YES;
				CLANG_ANALYZER_NUMBER_OBJECT_CONVERSION = YES_AGGRESSIVE;
				CLANG_CXX_LANGUAGE_STANDARD = "gnu++14";
				CLANG_CXX_LIBRARY = "libc++";
				CLANG_ENABLE_MODULES = YES;
				CLANG_ENABLE_OBJC_ARC = YES;
				CLANG_ENABLE_OBJC_WEAK = YES;
				CLANG_WARN_BLOCK_CAPTURE_AUTORELEASING = YES;
				CLANG_WARN_BOOL_CONVERSION = YES;
				CLANG_WARN_COMMA = YES;
				CLANG_WARN_CONSTANT_CONVERSION = YES;
				CLANG_WARN_DEPRECATED_OBJC_IMPLEMENTATIONS = YES;
				CLANG_WARN_DIRECT_OBJC_ISA_USAGE = YES_ERROR;
				CLANG_WARN_DOCUMENTATION_COMMENTS = YES;
				CLANG_WARN_EMPTY_BODY = YES;
				CLANG_WARN_ENUM_CONVERSION = YES;
				CLANG_WARN_INFINITE_RECURSION = YES;
				CLANG_WARN_INT_CONVERSION = YES;
				CLANG_WARN_NON_LITERAL_NULL_CONVERSION = YES;
				CLANG_WARN_OBJC_IMPLICIT_RETAIN_SELF = YES;
				CLANG_WARN_OBJC_LITERAL_CONVERSION = YES;
				CLANG_WARN_OBJC_ROOT_CLASS = YES_ERROR;
				CLANG_WARN_RANGE_LOOP_ANALYSIS = YES;
				CLANG_WARN_STRICT_PROTOTYPES = YES;
				CLANG_WARN_SUSPICIOUS_MOVE = YES;
				CLANG_WARN_UNGUARDED_AVAILABILITY = YES_AGGRESSIVE;
				CLANG_WARN_UNREACHABLE_CODE = YES;
				CLANG_WARN__DUPLICATE_METHOD_MATCH = YES;
				COPY_PHASE_STRIP = NO;
				DEBUG_INFORMATION_FORMAT = dwarf;
				ENABLE_STRICT_OBJC_MSGSEND = YES;
				ENABLE_TESTABILITY = YES;
				GCC_C_LANGUAGE_STANDARD = gnu11;
				GCC_DYNAMIC_NO_PIC = NO;
				GCC_NO_COMMON_BLOCKS = YES;
				GCC_OPTIMIZATION_LEVEL = 0;
				GCC_PREPROCESSOR_DEFINITIONS = (
					"DEBUG=1",
					"$(inherited)",
				);
				GCC_WARN_64_TO_32_BIT_CONVERSION = YES;
				GCC_WARN_ABOUT_RETURN_TYPE = YES_ERROR;
				GCC_WARN_UNDECLARED_SELECTOR = YES;
				GCC_WARN_UNINITIALIZED_AUTOS = YES_AGGRESSIVE;
				GCC_WARN_UNUSED_FUNCTION = YES;
				GCC_WARN_UNUSED_VARIABLE = YES;
				IPHONEOS_DEPLOYMENT_TARGET = 13.0;
				MTL_ENABLE_DEBUG_INFO = INCLUDE_SOURCE;
				MTL_FAST_MATH = YES;
				ONLY_ACTIVE_ARCH = YES;
				SDKROOT = iphoneos;
				SWIFT_ACTIVE_COMPILATION_CONDITIONS = DEBUG;
				SWIFT_OPTIMIZATION_LEVEL = "-Onone";
			};
			name = Debug;
		};
		28AFCB9223C5891D00CF178F /* Release */ = {
			isa = XCBuildConfiguration;
			buildSettings = {
				ALWAYS_SEARCH_USER_PATHS = NO;
				CLANG_ANALYZER_NONNULL = YES;
				CLANG_ANALYZER_NUMBER_OBJECT_CONVERSION = YES_AGGRESSIVE;
				CLANG_CXX_LANGUAGE_STANDARD = "gnu++14";
				CLANG_CXX_LIBRARY = "libc++";
				CLANG_ENABLE_MODULES = YES;
				CLANG_ENABLE_OBJC_ARC = YES;
				CLANG_ENABLE_OBJC_WEAK = YES;
				CLANG_WARN_BLOCK_CAPTURE_AUTORELEASING = YES;
				CLANG_WARN_BOOL_CONVERSION = YES;
				CLANG_WARN_COMMA = YES;
				CLANG_WARN_CONSTANT_CONVERSION = YES;
				CLANG_WARN_DEPRECATED_OBJC_IMPLEMENTATIONS = YES;
				CLANG_WARN_DIRECT_OBJC_ISA_USAGE = YES_ERROR;
				CLANG_WARN_DOCUMENTATION_COMMENTS = YES;
				CLANG_WARN_EMPTY_BODY = YES;
				CLANG_WARN_ENUM_CONVERSION = YES;
				CLANG_WARN_INFINITE_RECURSION = YES;
				CLANG_WARN_INT_CONVERSION = YES;
				CLANG_WARN_NON_LITERAL_NULL_CONVERSION = YES;
				CLANG_WARN_OBJC_IMPLICIT_RETAIN_SELF = YES;
				CLANG_WARN_OBJC_LITERAL_CONVERSION = YES;
				CLANG_WARN_OBJC_ROOT_CLASS = YES_ERROR;
				CLANG_WARN_RANGE_LOOP_ANALYSIS = YES;
				CLANG_WARN_STRICT_PROTOTYPES = YES;
				CLANG_WARN_SUSPICIOUS_MOVE = YES;
				CLANG_WARN_UNGUARDED_AVAILABILITY = YES_AGGRESSIVE;
				CLANG_WARN_UNREACHABLE_CODE = YES;
				CLANG_WARN__DUPLICATE_METHOD_MATCH = YES;
				COPY_PHASE_STRIP = NO;
				DEBUG_INFORMATION_FORMAT = "dwarf-with-dsym";
				ENABLE_NS_ASSERTIONS = NO;
				ENABLE_STRICT_OBJC_MSGSEND = YES;
				GCC_C_LANGUAGE_STANDARD = gnu11;
				GCC_NO_COMMON_BLOCKS = YES;
				GCC_WARN_64_TO_32_BIT_CONVERSION = YES;
				GCC_WARN_ABOUT_RETURN_TYPE = YES_ERROR;
				GCC_WARN_UNDECLARED_SELECTOR = YES;
				GCC_WARN_UNINITIALIZED_AUTOS = YES_AGGRESSIVE;
				GCC_WARN_UNUSED_FUNCTION = YES;
				GCC_WARN_UNUSED_VARIABLE = YES;
				IPHONEOS_DEPLOYMENT_TARGET = 13.0;
				MTL_ENABLE_DEBUG_INFO = NO;
				MTL_FAST_MATH = YES;
				SDKROOT = iphoneos;
				SWIFT_COMPILATION_MODE = wholemodule;
				SWIFT_OPTIMIZATION_LEVEL = "-O";
				VALIDATE_PRODUCT = YES;
			};
			name = Release;
		};
		28AFCB9423C5891D00CF178F /* Debug */ = {
			isa = XCBuildConfiguration;
			baseConfigurationReference = AA6E08050ABD9141D3798A5F /* Pods-Thoughts.debug.xcconfig */;
			buildSettings = {
				ASSETCATALOG_COMPILER_APPICON_NAME = AppIcon;
				CODE_SIGN_STYLE = Automatic;
				INFOPLIST_FILE = Thoughts/Info.plist;
				LD_RUNPATH_SEARCH_PATHS = (
					"$(inherited)",
					"@executable_path/Frameworks",
				);
				PRODUCT_BUNDLE_IDENTIFIER = "Jeremy-Jung.Thoughts";
				PRODUCT_NAME = "$(TARGET_NAME)";
				SWIFT_VERSION = 5.0;
				TARGETED_DEVICE_FAMILY = "1,2";
			};
			name = Debug;
		};
		28AFCB9523C5891D00CF178F /* Release */ = {
			isa = XCBuildConfiguration;
			baseConfigurationReference = B2BC37E13B5C157CE4D63190 /* Pods-Thoughts.release.xcconfig */;
			buildSettings = {
				ASSETCATALOG_COMPILER_APPICON_NAME = AppIcon;
				CODE_SIGN_STYLE = Automatic;
				INFOPLIST_FILE = Thoughts/Info.plist;
				LD_RUNPATH_SEARCH_PATHS = (
					"$(inherited)",
					"@executable_path/Frameworks",
				);
				PRODUCT_BUNDLE_IDENTIFIER = "Jeremy-Jung.Thoughts";
				PRODUCT_NAME = "$(TARGET_NAME)";
				SWIFT_VERSION = 5.0;
				TARGETED_DEVICE_FAMILY = "1,2";
			};
			name = Release;
		};
/* End XCBuildConfiguration section */

/* Begin XCConfigurationList section */
		28AFCB7A23C5891C00CF178F /* Build configuration list for PBXProject "Thoughts" */ = {
			isa = XCConfigurationList;
			buildConfigurations = (
				28AFCB9123C5891D00CF178F /* Debug */,
				28AFCB9223C5891D00CF178F /* Release */,
			);
			defaultConfigurationIsVisible = 0;
			defaultConfigurationName = Release;
		};
		28AFCB9323C5891D00CF178F /* Build configuration list for PBXNativeTarget "Thoughts" */ = {
			isa = XCConfigurationList;
			buildConfigurations = (
				28AFCB9423C5891D00CF178F /* Debug */,
				28AFCB9523C5891D00CF178F /* Release */,
			);
			defaultConfigurationIsVisible = 0;
			defaultConfigurationName = Release;
		};
/* End XCConfigurationList section */
	};
	rootObject = 28AFCB7723C5891C00CF178F /* Project object */;
}
